
Microsoft Visual Studio Solution File, Format Version 12.00
# Visual Studio Version 16
VisualStudioVersion = 16.0.29009.5
MinimumVisualStudioVersion = 10.0.40219.1
Project("{9A19103F-16F7-4668-BE54-9A1E7A4F7556}") = "ServerHarness", "src\ServerHarness\ServerHarness.csproj", "{62115A82-41F3-46A1-8882-B24AFA12C644}"
EndProject
Project("{FAE04EC0-301F-11D3-BF4B-00C04F79EFBC}") = "SheepChat.Server", "SheepChat.Server\SheepChat.Server.csproj", "{418FC419-E906-4751-97BE-7E62114EED02}"
EndProject
Global
	GlobalSection(SolutionConfigurationPlatforms) = preSolution
		Debug|Any CPU = Debug|Any CPU
		Debug|x86 = Debug|x86
		Release|Any CPU = Release|Any CPU
		Release|x86 = Release|x86
	EndGlobalSection
	GlobalSection(ProjectConfigurationPlatforms) = postSolution
		{62115A82-41F3-46A1-8882-B24AFA12C644}.Debug|Any CPU.ActiveCfg = Debug|Any CPU
		{62115A82-41F3-46A1-8882-B24AFA12C644}.Debug|Any CPU.Build.0 = Debug|Any CPU
		{62115A82-41F3-46A1-8882-B24AFA12C644}.Debug|x86.ActiveCfg = Debug|Any CPU
		{62115A82-41F3-46A1-8882-B24AFA12C644}.Debug|x86.Build.0 = Debug|Any CPU
		{62115A82-41F3-46A1-8882-B24AFA12C644}.Release|Any CPU.ActiveCfg = Release|Any CPU
		{62115A82-41F3-46A1-8882-B24AFA12C644}.Release|Any CPU.Build.0 = Release|Any CPU
		{62115A82-41F3-46A1-8882-B24AFA12C644}.Release|x86.ActiveCfg = Release|Any CPU
		{62115A82-41F3-46A1-8882-B24AFA12C644}.Release|x86.Build.0 = Release|Any CPU
		{418FC419-E906-4751-97BE-7E62114EED02}.Debug|Any CPU.ActiveCfg = Debug|Any CPU
		{418FC419-E906-4751-97BE-7E62114EED02}.Debug|Any CPU.Build.0 = Debug|Any CPU
		{418FC419-E906-4751-97BE-7E62114EED02}.Debug|x86.ActiveCfg = Debug|Any CPU
		{418FC419-E906-4751-97BE-7E62114EED02}.Debug|x86.Build.0 = Debug|Any CPU
		{418FC419-E906-4751-97BE-7E62114EED02}.Release|Any CPU.ActiveCfg = Release|Any CPU
		{418FC419-E906-4751-97BE-7E62114EED02}.Release|Any CPU.Build.0 = Release|Any CPU
		{418FC419-E906-4751-97BE-7E62114EED02}.Release|x86.ActiveCfg = Release|Any CPU
		{418FC419-E906-4751-97BE-7E62114EED02}.Release|x86.Build.0 = Release|Any CPU
	EndGlobalSection
	GlobalSection(SolutionProperties) = preSolution
		HideSolutionNode = FALSE
	EndGlobalSection
	GlobalSection(ExtensibilityGlobals) = postSolution
		SolutionGuid = {6966A17E-AFF6-4012-AEA6-EFEF26908BD0}
	EndGlobalSection
EndGlobal
