
Microsoft Visual Studio Solution File, Format Version 12.00
# Visual Studio Version 16
VisualStudioVersion = 16.0.29009.5
MinimumVisualStudioVersion = 10.0.40219.1
Project("{FAE04EC0-301F-11D3-BF4B-00C04F79EFBC}") = "SheepChat.Server", "src\SheepChat.Server\SheepChat.Server.csproj", "{FB2053D6-4937-46D3-9EBE-5D3E5AB3A528}"
EndProject
Project("{FAE04EC0-301F-11D3-BF4B-00C04F79EFBC}") = "SheepChat", "src\SheepChat\SheepChat.csproj", "{529F451D-6E81-4E40-9093-CF88C4A330D2}"
EndProject
Project("{2150E333-8FDC-42A3-9474-1A3956D46DE8}") = "Solution Items", "Solution Items", "{6A366245-B12A-4E11-B7FA-D8E6090127AA}"
	ProjectSection(SolutionItems) = preProject
		.editorconfig = .editorconfig
	EndProjectSection
EndProject
Global
	GlobalSection(SolutionConfigurationPlatforms) = preSolution
		Debug|Any CPU = Debug|Any CPU
		Debug|x86 = Debug|x86
		Release|Any CPU = Release|Any CPU
		Release|x86 = Release|x86
	EndGlobalSection
	GlobalSection(ProjectConfigurationPlatforms) = postSolution
		{FB2053D6-4937-46D3-9EBE-5D3E5AB3A528}.Debug|Any CPU.ActiveCfg = Debug|Any CPU
		{FB2053D6-4937-46D3-9EBE-5D3E5AB3A528}.Debug|Any CPU.Build.0 = Debug|Any CPU
		{FB2053D6-4937-46D3-9EBE-5D3E5AB3A528}.Debug|x86.ActiveCfg = Debug|Any CPU
		{FB2053D6-4937-46D3-9EBE-5D3E5AB3A528}.Debug|x86.Build.0 = Debug|Any CPU
		{FB2053D6-4937-46D3-9EBE-5D3E5AB3A528}.Release|Any CPU.ActiveCfg = Release|Any CPU
		{FB2053D6-4937-46D3-9EBE-5D3E5AB3A528}.Release|Any CPU.Build.0 = Release|Any CPU
		{FB2053D6-4937-46D3-9EBE-5D3E5AB3A528}.Release|x86.ActiveCfg = Release|Any CPU
		{FB2053D6-4937-46D3-9EBE-5D3E5AB3A528}.Release|x86.Build.0 = Release|Any CPU
		{529F451D-6E81-4E40-9093-CF88C4A330D2}.Debug|Any CPU.ActiveCfg = Debug|Any CPU
		{529F451D-6E81-4E40-9093-CF88C4A330D2}.Debug|Any CPU.Build.0 = Debug|Any CPU
		{529F451D-6E81-4E40-9093-CF88C4A330D2}.Debug|x86.ActiveCfg = Debug|Any CPU
		{529F451D-6E81-4E40-9093-CF88C4A330D2}.Debug|x86.Build.0 = Debug|Any CPU
		{529F451D-6E81-4E40-9093-CF88C4A330D2}.Release|Any CPU.ActiveCfg = Release|Any CPU
		{529F451D-6E81-4E40-9093-CF88C4A330D2}.Release|Any CPU.Build.0 = Release|Any CPU
		{529F451D-6E81-4E40-9093-CF88C4A330D2}.Release|x86.ActiveCfg = Release|Any CPU
		{529F451D-6E81-4E40-9093-CF88C4A330D2}.Release|x86.Build.0 = Release|Any CPU
	EndGlobalSection
	GlobalSection(SolutionProperties) = preSolution
		HideSolutionNode = FALSE
	EndGlobalSection
	GlobalSection(ExtensibilityGlobals) = postSolution
		SolutionGuid = {6966A17E-AFF6-4012-AEA6-EFEF26908BD0}
	EndGlobalSection
EndGlobal
